
Microsoft Visual Studio Solution File, Format Version 12.00
Project("{F2A71F9B-5D33-465A-A702-920D77279786}") = "Scrape.CreateDb", "Scrape.CreateDb\Scrape.CreateDb.fsproj", "{51D54659-531E-49EA-AEDC-049FCAC86153}"
EndProject
Project("{F2A71F9B-5D33-465A-A702-920D77279786}") = "Scrape.Core", "Scrape.Core\Scrape.Core.fsproj", "{9854F67F-D9EF-44F5-9D98-2E5B69107380}"
EndProject
Project("{F2A71F9B-5D33-465A-A702-920D77279786}") = "Scrape.Tests", "Scrape.Tests\Scrape.Tests.fsproj", "{AB09F69B-DA3A-4532-8388-201E52D6C2E9}"
EndProject
Project("{F2A71F9B-5D33-465A-A702-920D77279786}") = "Scrape.API", "Scrape.API\Scrape.API.fsproj", "{CF11C5DE-AE49-497F-831C-664E1EB54A6F}"
EndProject
Global
	GlobalSection(SolutionConfigurationPlatforms) = preSolution
		Debug|Any CPU = Debug|Any CPU
		Release|Any CPU = Release|Any CPU
	EndGlobalSection
	GlobalSection(ProjectConfigurationPlatforms) = postSolution
		{51D54659-531E-49EA-AEDC-049FCAC86153}.Debug|Any CPU.ActiveCfg = Debug|Any CPU
		{51D54659-531E-49EA-AEDC-049FCAC86153}.Debug|Any CPU.Build.0 = Debug|Any CPU
		{51D54659-531E-49EA-AEDC-049FCAC86153}.Release|Any CPU.ActiveCfg = Release|Any CPU
		{51D54659-531E-49EA-AEDC-049FCAC86153}.Release|Any CPU.Build.0 = Release|Any CPU
		{9854F67F-D9EF-44F5-9D98-2E5B69107380}.Debug|Any CPU.ActiveCfg = Debug|Any CPU
		{9854F67F-D9EF-44F5-9D98-2E5B69107380}.Debug|Any CPU.Build.0 = Debug|Any CPU
		{9854F67F-D9EF-44F5-9D98-2E5B69107380}.Release|Any CPU.ActiveCfg = Release|Any CPU
		{9854F67F-D9EF-44F5-9D98-2E5B69107380}.Release|Any CPU.Build.0 = Release|Any CPU
		{AB09F69B-DA3A-4532-8388-201E52D6C2E9}.Debug|Any CPU.ActiveCfg = Debug|Any CPU
		{AB09F69B-DA3A-4532-8388-201E52D6C2E9}.Debug|Any CPU.Build.0 = Debug|Any CPU
		{AB09F69B-DA3A-4532-8388-201E52D6C2E9}.Release|Any CPU.ActiveCfg = Release|Any CPU
		{AB09F69B-DA3A-4532-8388-201E52D6C2E9}.Release|Any CPU.Build.0 = Release|Any CPU
		{CF11C5DE-AE49-497F-831C-664E1EB54A6F}.Debug|Any CPU.ActiveCfg = Debug|Any CPU
		{CF11C5DE-AE49-497F-831C-664E1EB54A6F}.Debug|Any CPU.Build.0 = Debug|Any CPU
		{CF11C5DE-AE49-497F-831C-664E1EB54A6F}.Release|Any CPU.ActiveCfg = Release|Any CPU
		{CF11C5DE-AE49-497F-831C-664E1EB54A6F}.Release|Any CPU.Build.0 = Release|Any CPU
	EndGlobalSection
EndGlobal
